
Microsoft Visual Studio Solution File, Format Version 12.00
# Visual Studio Version 17
VisualStudioVersion = 17.2.32616.157
MinimumVisualStudioVersion = 10.0.40219.1
Project("{FAE04EC0-301F-11D3-BF4B-00C04F79EFBC}") = "ObjectOrientedPrograms", "StockManagement\ObjectOrientedPrograms.csproj", "{19928210-2008-4BEC-8D3F-1B03141CB000}"
EndProject
Project("{FAE04EC0-301F-11D3-BF4B-00C04F79EFBC}") = "JsonInventoryDataManagement", "JsonInventoryDataManagement\JsonInventoryDataManagement.csproj", "{BEC8274D-A134-48E5-A232-9668F858B5D7}"
EndProject
Global
	GlobalSection(SolutionConfigurationPlatforms) = preSolution
		Debug|Any CPU = Debug|Any CPU
		Release|Any CPU = Release|Any CPU
	EndGlobalSection
	GlobalSection(ProjectConfigurationPlatforms) = postSolution
		{19928210-2008-4BEC-8D3F-1B03141CB000}.Debug|Any CPU.ActiveCfg = Debug|Any CPU
		{19928210-2008-4BEC-8D3F-1B03141CB000}.Debug|Any CPU.Build.0 = Debug|Any CPU
		{19928210-2008-4BEC-8D3F-1B03141CB000}.Release|Any CPU.ActiveCfg = Release|Any CPU
		{19928210-2008-4BEC-8D3F-1B03141CB000}.Release|Any CPU.Build.0 = Release|Any CPU
		{BEC8274D-A134-48E5-A232-9668F858B5D7}.Debug|Any CPU.ActiveCfg = Debug|Any CPU
		{BEC8274D-A134-48E5-A232-9668F858B5D7}.Debug|Any CPU.Build.0 = Debug|Any CPU
		{BEC8274D-A134-48E5-A232-9668F858B5D7}.Release|Any CPU.ActiveCfg = Release|Any CPU
		{BEC8274D-A134-48E5-A232-9668F858B5D7}.Release|Any CPU.Build.0 = Release|Any CPU
	EndGlobalSection
	GlobalSection(SolutionProperties) = preSolution
		HideSolutionNode = FALSE
	EndGlobalSection
	GlobalSection(ExtensibilityGlobals) = postSolution
		SolutionGuid = {2036EDEE-44FA-47C1-9681-F6D608CA5890}
	EndGlobalSection
EndGlobal
